
Microsoft Visual Studio Solution File, Format Version 12.00
# Visual Studio 15
VisualStudioVersion = 15.0.28010.2050
MinimumVisualStudioVersion = 10.0.40219.1
Project("{FAE04EC0-301F-11D3-BF4B-00C04F79EFBC}") = "Macro", "Macro\Macro.csproj", "{E80CC35E-C240-4EC6-9596-C5C7148DA52D}"
EndProject
Global
	GlobalSection(SolutionConfigurationPlatforms) = preSolution
		Debug|Any CPU = Debug|Any CPU
		Release|Any CPU = Release|Any CPU
	EndGlobalSection
	GlobalSection(ProjectConfigurationPlatforms) = postSolution
		{E80CC35E-C240-4EC6-9596-C5C7148DA52D}.Debug|Any CPU.ActiveCfg = Debug|Any CPU
		{E80CC35E-C240-4EC6-9596-C5C7148DA52D}.Debug|Any CPU.Build.0 = Debug|Any CPU
		{E80CC35E-C240-4EC6-9596-C5C7148DA52D}.Release|Any CPU.ActiveCfg = Release|Any CPU
		{E80CC35E-C240-4EC6-9596-C5C7148DA52D}.Release|Any CPU.Build.0 = Release|Any CPU
	EndGlobalSection
	GlobalSection(SolutionProperties) = preSolution
		HideSolutionNode = FALSE
	EndGlobalSection
	GlobalSection(ExtensibilityGlobals) = postSolution
		SolutionGuid = {B2C1CFA6-062D-43C9-800E-9E9134D6ABFA}
	EndGlobalSection
EndGlobal
